
Microsoft Visual Studio Solution File, Format Version 12.00
# Visual Studio 15
Project("{FAE04EC0-301F-11D3-BF4B-00C04F79EFBC}") = "Assembly-CSharp", "Assembly-CSharp.csproj", "{AAC2B164-78BA-7A9F-E658-9AD886730FD4}"
EndProject
Project("{FAE04EC0-301F-11D3-BF4B-00C04F79EFBC}") = "Assembly-CSharp-Editor", "Assembly-CSharp-Editor.csproj", "{73948ECB-61D5-8FA4-42F0-74386937C9F6}"
EndProject
Global
	GlobalSection(SolutionConfigurationPlatforms) = preSolution
		Debug|Any CPU = Debug|Any CPU
		Release|Any CPU = Release|Any CPU
	EndGlobalSection
	GlobalSection(ProjectConfigurationPlatforms) = postSolution
		{AAC2B164-78BA-7A9F-E658-9AD886730FD4}.Debug|Any CPU.ActiveCfg = Debug|Any CPU
		{AAC2B164-78BA-7A9F-E658-9AD886730FD4}.Debug|Any CPU.Build.0 = Debug|Any CPU
		{AAC2B164-78BA-7A9F-E658-9AD886730FD4}.Release|Any CPU.ActiveCfg = Release|Any CPU
		{AAC2B164-78BA-7A9F-E658-9AD886730FD4}.Release|Any CPU.Build.0 = Release|Any CPU
		{73948ECB-61D5-8FA4-42F0-74386937C9F6}.Debug|Any CPU.ActiveCfg = Debug|Any CPU
		{73948ECB-61D5-8FA4-42F0-74386937C9F6}.Debug|Any CPU.Build.0 = Debug|Any CPU
		{73948ECB-61D5-8FA4-42F0-74386937C9F6}.Release|Any CPU.ActiveCfg = Release|Any CPU
		{73948ECB-61D5-8FA4-42F0-74386937C9F6}.Release|Any CPU.Build.0 = Release|Any CPU
	EndGlobalSection
	GlobalSection(SolutionProperties) = preSolution
		HideSolutionNode = FALSE
	EndGlobalSection
EndGlobal
